
Microsoft Visual Studio Solution File, Format Version 12.00
# Visual Studio Version 17
VisualStudioVersion = 17.5.33530.505
MinimumVisualStudioVersion = 10.0.40219.1
Project("{FAE04EC0-301F-11D3-BF4B-00C04F79EFBC}") = "CIE206LabExam_trial1", "CIE206LabExam_trial1\CIE206LabExam_trial1.csproj", "{D31CCC9B-FCA0-4EF9-A143-43426FBEC6F4}"
EndProject
Global
	GlobalSection(SolutionConfigurationPlatforms) = preSolution
		Debug|Any CPU = Debug|Any CPU
		Release|Any CPU = Release|Any CPU
	EndGlobalSection
	GlobalSection(ProjectConfigurationPlatforms) = postSolution
		{D31CCC9B-FCA0-4EF9-A143-43426FBEC6F4}.Debug|Any CPU.ActiveCfg = Debug|Any CPU
		{D31CCC9B-FCA0-4EF9-A143-43426FBEC6F4}.Debug|Any CPU.Build.0 = Debug|Any CPU
		{D31CCC9B-FCA0-4EF9-A143-43426FBEC6F4}.Release|Any CPU.ActiveCfg = Release|Any CPU
		{D31CCC9B-FCA0-4EF9-A143-43426FBEC6F4}.Release|Any CPU.Build.0 = Release|Any CPU
	EndGlobalSection
	GlobalSection(SolutionProperties) = preSolution
		HideSolutionNode = FALSE
	EndGlobalSection
	GlobalSection(ExtensibilityGlobals) = postSolution
		SolutionGuid = {53B0BD86-2039-489B-8F37-289FDBCA5476}
	EndGlobalSection
EndGlobal
